
Microsoft Visual Studio Solution File, Format Version 12.00
# Visual Studio Version 16
VisualStudioVersion = 16.0.32106.194
MinimumVisualStudioVersion = 10.0.40219.1
Project("{FAE04EC0-301F-11D3-BF4B-00C04F79EFBC}") = "CURD_SP", "CURD_SP\CURD_SP.csproj", "{29A634F3-80F2-4102-9959-A4255BAAAD98}"
EndProject
Global
	GlobalSection(SolutionConfigurationPlatforms) = preSolution
		Debug|Any CPU = Debug|Any CPU
		Release|Any CPU = Release|Any CPU
	EndGlobalSection
	GlobalSection(ProjectConfigurationPlatforms) = postSolution
		{29A634F3-80F2-4102-9959-A4255BAAAD98}.Debug|Any CPU.ActiveCfg = Debug|Any CPU
		{29A634F3-80F2-4102-9959-A4255BAAAD98}.Debug|Any CPU.Build.0 = Debug|Any CPU
		{29A634F3-80F2-4102-9959-A4255BAAAD98}.Release|Any CPU.ActiveCfg = Release|Any CPU
		{29A634F3-80F2-4102-9959-A4255BAAAD98}.Release|Any CPU.Build.0 = Release|Any CPU
	EndGlobalSection
	GlobalSection(SolutionProperties) = preSolution
		HideSolutionNode = FALSE
	EndGlobalSection
	GlobalSection(ExtensibilityGlobals) = postSolution
		SolutionGuid = {85BDFB5A-D885-4512-844D-FB3033BA45B4}
	EndGlobalSection
EndGlobal
